# This file is automatically @generated by Cargo.
# It is not intended for manual editing.
version = 3

[[package]]
name = "cc"
version = "1.0.69"
source = "registry+https://github.com/rust-lang/crates.io-index"
checksum = "e70cc2f62c6ce1868963827bd677764c62d07c3d9a3e1fb1177ee1a9ab199eb2"
dependencies = [
 "jobserver",
]

[[package]]
name = "jobserver"
version = "0.1.23"
source = "registry+https://github.com/rust-lang/crates.io-index"
checksum = "f5ca711fd837261e14ec9e674f092cbb931d3fa1482b017ae59328ddc6f3212b"
dependencies = [
 "libc",
]

[[package]]
name = "libc"
version = "0.2.99"
source = "registry+https://github.com/rust-lang/crates.io-index"
checksum = "a7f823d141fe0a24df1e23b4af4e3c7ba9e5966ec514ea068c93024aa7deb765"

[[package]]
name = "same-file"
version = "1.0.6"
source = "registry+https://github.com/rust-lang/crates.io-index"
checksum = "93fc1dc3aaa9bfed95e02e6eadabb4baf7e3078b0bd1b4d7b6b0b68378900502"
dependencies = [
 "winapi-util",
]

[[package]]
name = "ticp_zip"
version = "0.1.0"
dependencies = [
 "walkdir",
 "zstd",
]

[[package]]
name = "walkdir"
version = "2.3.2"
source = "registry+https://github.com/rust-lang/crates.io-index"
checksum = "808cf2735cd4b6866113f648b791c6adc5714537bc222d9347bb203386ffda56"
dependencies = [
 "same-file",
 "winapi",
 "winapi-util",
]

[[package]]
name = "winapi"
version = "0.3.9"
source = "registry+https://github.com/rust-lang/crates.io-index"
checksum = "5c839a674fcd7a98952e593242ea400abe93992746761e38641405d28b00f419"
dependencies = [
 "winapi-i686-pc-windows-gnu",
 "winapi-x86_64-pc-windows-gnu",
]

[[package]]
name = "winapi-i686-pc-windows-gnu"
version = "0.4.0"
source = "registry+https://github.com/rust-lang/crates.io-index"
checksum = "ac3b87c63620426dd9b991e5ce0329eff545bccbbb34f3be09ff6fb6ab51b7b6"

[[package]]
name = "winapi-util"
version = "0.1.5"
source = "registry+https://github.com/rust-lang/crates.io-index"
checksum = "70ec6ce85bb158151cae5e5c87f95a8e97d2c0c4b001223f33a334e3ce5de178"
dependencies = [
 "winapi",
]

[[package]]
name = "winapi-x86_64-pc-windows-gnu"
version = "0.4.0"
source = "registry+https://github.com/rust-lang/crates.io-index"
checksum = "712e227841d057c1ee1cd2fb22fa7e5a5461ae8e48fa2ca79ec42cfc1931183f"

[[package]]
name = "zstd"
version = "0.9.0+zstd.1.5.0"
source = "registry+https://github.com/rust-lang/crates.io-index"
checksum = "07749a5dc2cb6b36661290245e350f15ec3bbb304e493db54a1d354480522ccd"
dependencies = [
 "zstd-safe",
]

[[package]]
name = "zstd-safe"
version = "4.1.1+zstd.1.5.0"
source = "registry+https://github.com/rust-lang/crates.io-index"
checksum = "c91c90f2c593b003603e5e0493c837088df4469da25aafff8bce42ba48caf079"
dependencies = [
 "libc",
 "zstd-sys",
]

[[package]]
name = "zstd-sys"
version = "1.6.1+zstd.1.5.0"
source = "registry+https://github.com/rust-lang/crates.io-index"
checksum = "615120c7a2431d16cf1cf979e7fc31ba7a5b5e5707b29c8a99e5dbf8a8392a33"
dependencies = [
 "cc",
 "libc",
]
